
Microsoft Visual Studio Solution File, Format Version 12.00
# Visual Studio Version 17
VisualStudioVersion = 17.0.31919.166
MinimumVisualStudioVersion = 10.0.40219.1
Project("{FAE04EC0-301F-11D3-BF4B-00C04F79EFBC}") = "Reversi", "Reversi.csproj", "{EE7F8B68-9C25-4AA6-ACB9-16E45B371683}"
EndProject
Global
	GlobalSection(SolutionConfigurationPlatforms) = preSolution
		Debug|Any CPU = Debug|Any CPU
		Release|Any CPU = Release|Any CPU
	EndGlobalSection
	GlobalSection(ProjectConfigurationPlatforms) = postSolution
		{EE7F8B68-9C25-4AA6-ACB9-16E45B371683}.Debug|Any CPU.ActiveCfg = Debug|Any CPU
		{EE7F8B68-9C25-4AA6-ACB9-16E45B371683}.Debug|Any CPU.Build.0 = Debug|Any CPU
		{EE7F8B68-9C25-4AA6-ACB9-16E45B371683}.Release|Any CPU.ActiveCfg = Release|Any CPU
		{EE7F8B68-9C25-4AA6-ACB9-16E45B371683}.Release|Any CPU.Build.0 = Release|Any CPU
	EndGlobalSection
	GlobalSection(SolutionProperties) = preSolution
		HideSolutionNode = FALSE
	EndGlobalSection
	GlobalSection(ExtensibilityGlobals) = postSolution
		SolutionGuid = {1A928B67-C8B9-4D31-9563-60A870BC7A6E}
	EndGlobalSection
EndGlobal
