
Microsoft Visual Studio Solution File, Format Version 12.00
# Visual Studio Version 17
VisualStudioVersion = 17.4.33213.308
MinimumVisualStudioVersion = 10.0.40219.1
Project("{FAE04EC0-301F-11D3-BF4B-00C04F79EFBC}") = "Zagerij", "Zagerij.csproj", "{FDF07290-D6C5-4FD9-A6C4-D6F74A281B07}"
EndProject
Global
	GlobalSection(SolutionConfigurationPlatforms) = preSolution
		Debug|Any CPU = Debug|Any CPU
		Release|Any CPU = Release|Any CPU
	EndGlobalSection
	GlobalSection(ProjectConfigurationPlatforms) = postSolution
		{FDF07290-D6C5-4FD9-A6C4-D6F74A281B07}.Debug|Any CPU.ActiveCfg = Debug|Any CPU
		{FDF07290-D6C5-4FD9-A6C4-D6F74A281B07}.Debug|Any CPU.Build.0 = Debug|Any CPU
		{FDF07290-D6C5-4FD9-A6C4-D6F74A281B07}.Release|Any CPU.ActiveCfg = Release|Any CPU
		{FDF07290-D6C5-4FD9-A6C4-D6F74A281B07}.Release|Any CPU.Build.0 = Release|Any CPU
	EndGlobalSection
	GlobalSection(SolutionProperties) = preSolution
		HideSolutionNode = FALSE
	EndGlobalSection
	GlobalSection(ExtensibilityGlobals) = postSolution
		SolutionGuid = {DE0252D3-977B-4E99-96B8-48437AD4B8AB}
	EndGlobalSection
EndGlobal
